
Microsoft Visual Studio Solution File, Format Version 12.00
# Visual Studio Version 16
VisualStudioVersion = 16.0.30611.23
MinimumVisualStudioVersion = 10.0.40219.1
Project("{8BC9CEB8-8B4A-11D0-8D11-00A0C91BC942}") = "Lab1.ATL", "Lab1.ATL\Lab1.ATL.vcxproj", "{0900B33D-43EA-4640-8613-8FAD04C4AC2E}"
EndProject
Project("{8BC9CEB8-8B4A-11D0-8D11-00A0C91BC942}") = "Lab1.ATLPS", "Lab1.ATLPS\Lab1.ATLPS.vcxproj", "{07044CBB-0E50-41A7-AB6E-653011823F8C}"
	ProjectSection(ProjectDependencies) = postProject
		{0900B33D-43EA-4640-8613-8FAD04C4AC2E} = {0900B33D-43EA-4640-8613-8FAD04C4AC2E}
	EndProjectSection
EndProject
Project("{FAE04EC0-301F-11D3-BF4B-00C04F79EFBC}") = "Lab1.WF", "Lab1.WF\Lab1.WF.csproj", "{C2204779-BE57-4B6A-9256-57393F7078FC}"
EndProject
Project("{FAE04EC0-301F-11D3-BF4B-00C04F79EFBC}") = "Math.Lib", "Math.Lib\Math.Lib.csproj", "{4C2C4A31-4A93-45CA-821D-99F60CAA3791}"
EndProject
Project("{F184B08F-C81C-45F6-A57F-5ABD9991F28F}") = "Math.VB.Lib", "Math.VB.Lib\Math.VB.Lib.vbproj", "{C736F7EA-20B1-4959-B955-5F76DDDB3C76}"
EndProject
Project("{FAE04EC0-301F-11D3-BF4B-00C04F79EFBC}") = "Lab1.Compilation.WF", "Lab1.Compilation.WF\Lab1.Compilation.WF.csproj", "{818C9207-F71A-4EAC-96E4-45B46E909F5F}"
EndProject
Project("{2150E333-8FDC-42A3-9474-1A3956D46DE8}") = "Lab1", "Lab1", "{C7B4BDE5-7B12-41CC-82C8-14A533EBDED4}"
EndProject
Project("{2150E333-8FDC-42A3-9474-1A3956D46DE8}") = "Lab2", "Lab2", "{0150222A-EDC0-4179-A49E-DC83770CE1AB}"
EndProject
Project("{FAE04EC0-301F-11D3-BF4B-00C04F79EFBC}") = "Lab2.App.WF", "Lab2.App.WF\Lab2.App.WF.csproj", "{E05D8B45-B9DB-45A7-B2E4-3B0A74C9193B}"
EndProject
Project("{2150E333-8FDC-42A3-9474-1A3956D46DE8}") = "Source", "Source", "{535EF33E-74D6-47DD-B5CA-F350C4998320}"
	ProjectSection(SolutionItems) = preProject
		Source\Lab2Db.accdb = Source\Lab2Db.accdb
	EndProjectSection
EndProject
Project("{FAE04EC0-301F-11D3-BF4B-00C04F79EFBC}") = "Lab2.Data.Framework", "Lab2.Data.Framework\Lab2.Data.Framework.csproj", "{2A0B9E77-2BCC-4090-97B5-853DD9916DC9}"
EndProject
Global
	GlobalSection(SolutionConfigurationPlatforms) = preSolution
		Debug|Any CPU = Debug|Any CPU
		Debug|x64 = Debug|x64
		Debug|x86 = Debug|x86
		Release|Any CPU = Release|Any CPU
		Release|x64 = Release|x64
		Release|x86 = Release|x86
	EndGlobalSection
	GlobalSection(ProjectConfigurationPlatforms) = postSolution
		{0900B33D-43EA-4640-8613-8FAD04C4AC2E}.Debug|Any CPU.ActiveCfg = Debug|Win32
		{0900B33D-43EA-4640-8613-8FAD04C4AC2E}.Debug|x64.ActiveCfg = Debug|x64
		{0900B33D-43EA-4640-8613-8FAD04C4AC2E}.Debug|x64.Build.0 = Debug|x64
		{0900B33D-43EA-4640-8613-8FAD04C4AC2E}.Debug|x86.ActiveCfg = Debug|Win32
		{0900B33D-43EA-4640-8613-8FAD04C4AC2E}.Debug|x86.Build.0 = Debug|Win32
		{0900B33D-43EA-4640-8613-8FAD04C4AC2E}.Release|Any CPU.ActiveCfg = Release|Win32
		{0900B33D-43EA-4640-8613-8FAD04C4AC2E}.Release|x64.ActiveCfg = Release|x64
		{0900B33D-43EA-4640-8613-8FAD04C4AC2E}.Release|x64.Build.0 = Release|x64
		{0900B33D-43EA-4640-8613-8FAD04C4AC2E}.Release|x86.ActiveCfg = Release|Win32
		{0900B33D-43EA-4640-8613-8FAD04C4AC2E}.Release|x86.Build.0 = Release|Win32
		{07044CBB-0E50-41A7-AB6E-653011823F8C}.Debug|Any CPU.ActiveCfg = Debug|Win32
		{07044CBB-0E50-41A7-AB6E-653011823F8C}.Debug|x64.ActiveCfg = Debug|x64
		{07044CBB-0E50-41A7-AB6E-653011823F8C}.Debug|x86.ActiveCfg = Debug|Win32
		{07044CBB-0E50-41A7-AB6E-653011823F8C}.Release|Any CPU.ActiveCfg = Release|Win32
		{07044CBB-0E50-41A7-AB6E-653011823F8C}.Release|x64.ActiveCfg = Release|x64
		{07044CBB-0E50-41A7-AB6E-653011823F8C}.Release|x86.ActiveCfg = Release|Win32
		{C2204779-BE57-4B6A-9256-57393F7078FC}.Debug|Any CPU.ActiveCfg = Debug|Any CPU
		{C2204779-BE57-4B6A-9256-57393F7078FC}.Debug|Any CPU.Build.0 = Debug|Any CPU
		{C2204779-BE57-4B6A-9256-57393F7078FC}.Debug|x64.ActiveCfg = Debug|Any CPU
		{C2204779-BE57-4B6A-9256-57393F7078FC}.Debug|x64.Build.0 = Debug|Any CPU
		{C2204779-BE57-4B6A-9256-57393F7078FC}.Debug|x86.ActiveCfg = Debug|Any CPU
		{C2204779-BE57-4B6A-9256-57393F7078FC}.Debug|x86.Build.0 = Debug|Any CPU
		{C2204779-BE57-4B6A-9256-57393F7078FC}.Release|Any CPU.ActiveCfg = Release|Any CPU
		{C2204779-BE57-4B6A-9256-57393F7078FC}.Release|Any CPU.Build.0 = Release|Any CPU
		{C2204779-BE57-4B6A-9256-57393F7078FC}.Release|x64.ActiveCfg = Release|Any CPU
		{C2204779-BE57-4B6A-9256-57393F7078FC}.Release|x64.Build.0 = Release|Any CPU
		{C2204779-BE57-4B6A-9256-57393F7078FC}.Release|x86.ActiveCfg = Release|Any CPU
		{C2204779-BE57-4B6A-9256-57393F7078FC}.Release|x86.Build.0 = Release|Any CPU
		{4C2C4A31-4A93-45CA-821D-99F60CAA3791}.Debug|Any CPU.ActiveCfg = Debug|Any CPU
		{4C2C4A31-4A93-45CA-821D-99F60CAA3791}.Debug|Any CPU.Build.0 = Debug|Any CPU
		{4C2C4A31-4A93-45CA-821D-99F60CAA3791}.Debug|x64.ActiveCfg = Debug|Any CPU
		{4C2C4A31-4A93-45CA-821D-99F60CAA3791}.Debug|x64.Build.0 = Debug|Any CPU
		{4C2C4A31-4A93-45CA-821D-99F60CAA3791}.Debug|x86.ActiveCfg = Debug|Any CPU
		{4C2C4A31-4A93-45CA-821D-99F60CAA3791}.Debug|x86.Build.0 = Debug|Any CPU
		{4C2C4A31-4A93-45CA-821D-99F60CAA3791}.Release|Any CPU.ActiveCfg = Release|Any CPU
		{4C2C4A31-4A93-45CA-821D-99F60CAA3791}.Release|Any CPU.Build.0 = Release|Any CPU
		{4C2C4A31-4A93-45CA-821D-99F60CAA3791}.Release|x64.ActiveCfg = Release|Any CPU
		{4C2C4A31-4A93-45CA-821D-99F60CAA3791}.Release|x64.Build.0 = Release|Any CPU
		{4C2C4A31-4A93-45CA-821D-99F60CAA3791}.Release|x86.ActiveCfg = Release|Any CPU
		{4C2C4A31-4A93-45CA-821D-99F60CAA3791}.Release|x86.Build.0 = Release|Any CPU
		{C736F7EA-20B1-4959-B955-5F76DDDB3C76}.Debug|Any CPU.ActiveCfg = Debug|Any CPU
		{C736F7EA-20B1-4959-B955-5F76DDDB3C76}.Debug|Any CPU.Build.0 = Debug|Any CPU
		{C736F7EA-20B1-4959-B955-5F76DDDB3C76}.Debug|x64.ActiveCfg = Debug|Any CPU
		{C736F7EA-20B1-4959-B955-5F76DDDB3C76}.Debug|x64.Build.0 = Debug|Any CPU
		{C736F7EA-20B1-4959-B955-5F76DDDB3C76}.Debug|x86.ActiveCfg = Debug|Any CPU
		{C736F7EA-20B1-4959-B955-5F76DDDB3C76}.Debug|x86.Build.0 = Debug|Any CPU
		{C736F7EA-20B1-4959-B955-5F76DDDB3C76}.Release|Any CPU.ActiveCfg = Release|Any CPU
		{C736F7EA-20B1-4959-B955-5F76DDDB3C76}.Release|Any CPU.Build.0 = Release|Any CPU
		{C736F7EA-20B1-4959-B955-5F76DDDB3C76}.Release|x64.ActiveCfg = Release|Any CPU
		{C736F7EA-20B1-4959-B955-5F76DDDB3C76}.Release|x64.Build.0 = Release|Any CPU
		{C736F7EA-20B1-4959-B955-5F76DDDB3C76}.Release|x86.ActiveCfg = Release|Any CPU
		{C736F7EA-20B1-4959-B955-5F76DDDB3C76}.Release|x86.Build.0 = Release|Any CPU
		{818C9207-F71A-4EAC-96E4-45B46E909F5F}.Debug|Any CPU.ActiveCfg = Debug|Any CPU
		{818C9207-F71A-4EAC-96E4-45B46E909F5F}.Debug|Any CPU.Build.0 = Debug|Any CPU
		{818C9207-F71A-4EAC-96E4-45B46E909F5F}.Debug|x64.ActiveCfg = Debug|Any CPU
		{818C9207-F71A-4EAC-96E4-45B46E909F5F}.Debug|x64.Build.0 = Debug|Any CPU
		{818C9207-F71A-4EAC-96E4-45B46E909F5F}.Debug|x86.ActiveCfg = Debug|Any CPU
		{818C9207-F71A-4EAC-96E4-45B46E909F5F}.Debug|x86.Build.0 = Debug|Any CPU
		{818C9207-F71A-4EAC-96E4-45B46E909F5F}.Release|Any CPU.ActiveCfg = Release|Any CPU
		{818C9207-F71A-4EAC-96E4-45B46E909F5F}.Release|Any CPU.Build.0 = Release|Any CPU
		{818C9207-F71A-4EAC-96E4-45B46E909F5F}.Release|x64.ActiveCfg = Release|Any CPU
		{818C9207-F71A-4EAC-96E4-45B46E909F5F}.Release|x64.Build.0 = Release|Any CPU
		{818C9207-F71A-4EAC-96E4-45B46E909F5F}.Release|x86.ActiveCfg = Release|Any CPU
		{818C9207-F71A-4EAC-96E4-45B46E909F5F}.Release|x86.Build.0 = Release|Any CPU
		{E05D8B45-B9DB-45A7-B2E4-3B0A74C9193B}.Debug|Any CPU.ActiveCfg = Debug|Any CPU
		{E05D8B45-B9DB-45A7-B2E4-3B0A74C9193B}.Debug|Any CPU.Build.0 = Debug|Any CPU
		{E05D8B45-B9DB-45A7-B2E4-3B0A74C9193B}.Debug|x64.ActiveCfg = Debug|Any CPU
		{E05D8B45-B9DB-45A7-B2E4-3B0A74C9193B}.Debug|x64.Build.0 = Debug|Any CPU
		{E05D8B45-B9DB-45A7-B2E4-3B0A74C9193B}.Debug|x86.ActiveCfg = Debug|Any CPU
		{E05D8B45-B9DB-45A7-B2E4-3B0A74C9193B}.Debug|x86.Build.0 = Debug|Any CPU
		{E05D8B45-B9DB-45A7-B2E4-3B0A74C9193B}.Release|Any CPU.ActiveCfg = Release|Any CPU
		{E05D8B45-B9DB-45A7-B2E4-3B0A74C9193B}.Release|Any CPU.Build.0 = Release|Any CPU
		{E05D8B45-B9DB-45A7-B2E4-3B0A74C9193B}.Release|x64.ActiveCfg = Release|Any CPU
		{E05D8B45-B9DB-45A7-B2E4-3B0A74C9193B}.Release|x64.Build.0 = Release|Any CPU
		{E05D8B45-B9DB-45A7-B2E4-3B0A74C9193B}.Release|x86.ActiveCfg = Release|Any CPU
		{E05D8B45-B9DB-45A7-B2E4-3B0A74C9193B}.Release|x86.Build.0 = Release|Any CPU
		{2A0B9E77-2BCC-4090-97B5-853DD9916DC9}.Debug|Any CPU.ActiveCfg = Debug|Any CPU
		{2A0B9E77-2BCC-4090-97B5-853DD9916DC9}.Debug|Any CPU.Build.0 = Debug|Any CPU
		{2A0B9E77-2BCC-4090-97B5-853DD9916DC9}.Debug|x64.ActiveCfg = Debug|Any CPU
		{2A0B9E77-2BCC-4090-97B5-853DD9916DC9}.Debug|x64.Build.0 = Debug|Any CPU
		{2A0B9E77-2BCC-4090-97B5-853DD9916DC9}.Debug|x86.ActiveCfg = Debug|Any CPU
		{2A0B9E77-2BCC-4090-97B5-853DD9916DC9}.Debug|x86.Build.0 = Debug|Any CPU
		{2A0B9E77-2BCC-4090-97B5-853DD9916DC9}.Release|Any CPU.ActiveCfg = Release|Any CPU
		{2A0B9E77-2BCC-4090-97B5-853DD9916DC9}.Release|Any CPU.Build.0 = Release|Any CPU
		{2A0B9E77-2BCC-4090-97B5-853DD9916DC9}.Release|x64.ActiveCfg = Release|Any CPU
		{2A0B9E77-2BCC-4090-97B5-853DD9916DC9}.Release|x64.Build.0 = Release|Any CPU
		{2A0B9E77-2BCC-4090-97B5-853DD9916DC9}.Release|x86.ActiveCfg = Release|Any CPU
		{2A0B9E77-2BCC-4090-97B5-853DD9916DC9}.Release|x86.Build.0 = Release|Any CPU
	EndGlobalSection
	GlobalSection(SolutionProperties) = preSolution
		HideSolutionNode = FALSE
	EndGlobalSection
	GlobalSection(NestedProjects) = preSolution
		{0900B33D-43EA-4640-8613-8FAD04C4AC2E} = {C7B4BDE5-7B12-41CC-82C8-14A533EBDED4}
		{07044CBB-0E50-41A7-AB6E-653011823F8C} = {C7B4BDE5-7B12-41CC-82C8-14A533EBDED4}
		{C2204779-BE57-4B6A-9256-57393F7078FC} = {C7B4BDE5-7B12-41CC-82C8-14A533EBDED4}
		{4C2C4A31-4A93-45CA-821D-99F60CAA3791} = {C7B4BDE5-7B12-41CC-82C8-14A533EBDED4}
		{C736F7EA-20B1-4959-B955-5F76DDDB3C76} = {C7B4BDE5-7B12-41CC-82C8-14A533EBDED4}
		{818C9207-F71A-4EAC-96E4-45B46E909F5F} = {C7B4BDE5-7B12-41CC-82C8-14A533EBDED4}
		{E05D8B45-B9DB-45A7-B2E4-3B0A74C9193B} = {0150222A-EDC0-4179-A49E-DC83770CE1AB}
		{2A0B9E77-2BCC-4090-97B5-853DD9916DC9} = {0150222A-EDC0-4179-A49E-DC83770CE1AB}
	EndGlobalSection
	GlobalSection(ExtensibilityGlobals) = postSolution
		SolutionGuid = {3BCB224D-8906-47A3-BA2C-B7CCBDBDF24E}
	EndGlobalSection
EndGlobal
